# @generated by Move, please check-in and do not edit manually.

[move]
version = 1
manifest_digest = "08FBEF47C7DA58B8B662D7AA28E8F401A2FE40371BE70159D14607296A49432F"
deps_digest = "F8BBB0CCB2491CA29A3DF03D6F92277A4F3574266507ACD77214D37ECA3F3082"
dependencies = [
  { name = "Sui" },
]

[[move.package]]
name = "MoveStdlib"
source = { git = "https://github.com/MystenLabs/sui.git", rev = "framework/testnet", subdir = "crates/sui-framework/packages/move-stdlib" }

[[move.package]]
name = "Sui"
source = { git = "https://github.com/MystenLabs/sui.git", rev = "framework/testnet", subdir = "crates/sui-framework/packages/sui-framework" }

dependencies = [
  { name = "MoveStdlib" },
]

[move.toolchain-version]
compiler-version = "1.25.0"
edition = "legacy"
flavor = "sui"

[env]

[env.testnet]
chain-id = "4c78adac"
original-published-id = "0xf94ffbd74fea44822455105f1b1a9430a1bee182e13b9ab223e3ddb84fb385f4"
latest-published-id = "0xf94ffbd74fea44822455105f1b1a9430a1bee182e13b9ab223e3ddb84fb385f4"
published-version = "1"
